{
  "nodes": {
    "nixpkgs": {
      "locked": {
        "lastModified": 1747598424,
        "narHash": "sha256-gZS6jqThjW6x2YciNAhora9Md62SYdYA3QyG6IJq+VM=",
        "owner": "NixOS",
        "repo": "nixpkgs",
        "rev": "704192b8e38fa8995e30e493279d41c8d0690c1a",
        "type": "github"
      },
      "original": {
        "owner": "NixOS",
        "repo": "nixpkgs",
        "type": "github"
      }
    },
    "root": {
      "inputs": {
        "nixpkgs": "nixpkgs"
      }
    }
  },
  "root": "root",
  "version": 7
}
